
Microsoft Visual Studio Solution File, Format Version 12.00
# Visual Studio Version 17
VisualStudioVersion = 17.11.35312.102
MinimumVisualStudioVersion = 10.0.40219.1
Project("{9A19103F-16F7-4668-BE54-9A1E7A4F7556}") = "ChaosTerraria", "ChaosTerraria.csproj", "{D673DB2E-F979-49E6-8C39-9B4CB6C1077B}"
EndProject
Global
	GlobalSection(SolutionConfigurationPlatforms) = preSolution
		Debug|Any CPU = Debug|Any CPU
		Release|Any CPU = Release|Any CPU
	EndGlobalSection
	GlobalSection(ProjectConfigurationPlatforms) = postSolution
		{D673DB2E-F979-49E6-8C39-9B4CB6C1077B}.Debug|Any CPU.ActiveCfg = Debug|Any CPU
		{D673DB2E-F979-49E6-8C39-9B4CB6C1077B}.Debug|Any CPU.Build.0 = Debug|Any CPU
		{D673DB2E-F979-49E6-8C39-9B4CB6C1077B}.Release|Any CPU.ActiveCfg = Release|Any CPU
		{D673DB2E-F979-49E6-8C39-9B4CB6C1077B}.Release|Any CPU.Build.0 = Release|Any CPU
	EndGlobalSection
	GlobalSection(SolutionProperties) = preSolution
		HideSolutionNode = FALSE
	EndGlobalSection
	GlobalSection(ExtensibilityGlobals) = postSolution
		SolutionGuid = {D69D4AB2-BF90-45D0-9EB1-F18FAAFC1D11}
	EndGlobalSection
EndGlobal
